
Microsoft Visual Studio Solution File, Format Version 12.00
# Visual Studio Version 17
Project("{8BC9CEB8-8B4A-11D0-8D11-00A0C91BC942}") = "ALL_BUILD", "ALL_BUILD.vcxproj", "{B1815512-7844-30F9-9672-31CB3742CC72}"
	ProjectSection(ProjectDependencies) = postProject
		{3848FAA1-AC54-3BA2-991A-AEE4347ECDCC} = {3848FAA1-AC54-3BA2-991A-AEE4347ECDCC}
		{BD50966B-1EFF-3D86-9501-86586EED2BA7} = {BD50966B-1EFF-3D86-9501-86586EED2BA7}
		{C6CA9394-E53A-3331-B615-BB1F9D35F56E} = {C6CA9394-E53A-3331-B615-BB1F9D35F56E}
	EndProjectSection
EndProject
Project("{8BC9CEB8-8B4A-11D0-8D11-00A0C91BC942}") = "Vector", "Vector.vcxproj", "{3848FAA1-AC54-3BA2-991A-AEE4347ECDCC}"
	ProjectSection(ProjectDependencies) = postProject
		{BD50966B-1EFF-3D86-9501-86586EED2BA7} = {BD50966B-1EFF-3D86-9501-86586EED2BA7}
	EndProjectSection
EndProject
Project("{8BC9CEB8-8B4A-11D0-8D11-00A0C91BC942}") = "ZERO_CHECK", "ZERO_CHECK.vcxproj", "{BD50966B-1EFF-3D86-9501-86586EED2BA7}"
	ProjectSection(ProjectDependencies) = postProject
	EndProjectSection
EndProject
Project("{8BC9CEB8-8B4A-11D0-8D11-00A0C91BC942}") = "example", "example.vcxproj", "{C6CA9394-E53A-3331-B615-BB1F9D35F56E}"
	ProjectSection(ProjectDependencies) = postProject
		{BD50966B-1EFF-3D86-9501-86586EED2BA7} = {BD50966B-1EFF-3D86-9501-86586EED2BA7}
	EndProjectSection
EndProject
Global
	GlobalSection(SolutionConfigurationPlatforms) = preSolution
		Debug|x64 = Debug|x64
		Release|x64 = Release|x64
		MinSizeRel|x64 = MinSizeRel|x64
		RelWithDebInfo|x64 = RelWithDebInfo|x64
	EndGlobalSection
	GlobalSection(ProjectConfigurationPlatforms) = postSolution
		{B1815512-7844-30F9-9672-31CB3742CC72}.Debug|x64.ActiveCfg = Debug|x64
		{B1815512-7844-30F9-9672-31CB3742CC72}.Release|x64.ActiveCfg = Release|x64
		{B1815512-7844-30F9-9672-31CB3742CC72}.MinSizeRel|x64.ActiveCfg = MinSizeRel|x64
		{B1815512-7844-30F9-9672-31CB3742CC72}.RelWithDebInfo|x64.ActiveCfg = RelWithDebInfo|x64
		{3848FAA1-AC54-3BA2-991A-AEE4347ECDCC}.Debug|x64.ActiveCfg = Debug|x64
		{3848FAA1-AC54-3BA2-991A-AEE4347ECDCC}.Debug|x64.Build.0 = Debug|x64
		{3848FAA1-AC54-3BA2-991A-AEE4347ECDCC}.Release|x64.ActiveCfg = Release|x64
		{3848FAA1-AC54-3BA2-991A-AEE4347ECDCC}.Release|x64.Build.0 = Release|x64
		{3848FAA1-AC54-3BA2-991A-AEE4347ECDCC}.MinSizeRel|x64.ActiveCfg = MinSizeRel|x64
		{3848FAA1-AC54-3BA2-991A-AEE4347ECDCC}.MinSizeRel|x64.Build.0 = MinSizeRel|x64
		{3848FAA1-AC54-3BA2-991A-AEE4347ECDCC}.RelWithDebInfo|x64.ActiveCfg = RelWithDebInfo|x64
		{3848FAA1-AC54-3BA2-991A-AEE4347ECDCC}.RelWithDebInfo|x64.Build.0 = RelWithDebInfo|x64
		{BD50966B-1EFF-3D86-9501-86586EED2BA7}.Debug|x64.ActiveCfg = Debug|x64
		{BD50966B-1EFF-3D86-9501-86586EED2BA7}.Debug|x64.Build.0 = Debug|x64
		{BD50966B-1EFF-3D86-9501-86586EED2BA7}.Release|x64.ActiveCfg = Release|x64
		{BD50966B-1EFF-3D86-9501-86586EED2BA7}.Release|x64.Build.0 = Release|x64
		{BD50966B-1EFF-3D86-9501-86586EED2BA7}.MinSizeRel|x64.ActiveCfg = MinSizeRel|x64
		{BD50966B-1EFF-3D86-9501-86586EED2BA7}.MinSizeRel|x64.Build.0 = MinSizeRel|x64
		{BD50966B-1EFF-3D86-9501-86586EED2BA7}.RelWithDebInfo|x64.ActiveCfg = RelWithDebInfo|x64
		{BD50966B-1EFF-3D86-9501-86586EED2BA7}.RelWithDebInfo|x64.Build.0 = RelWithDebInfo|x64
		{C6CA9394-E53A-3331-B615-BB1F9D35F56E}.Debug|x64.ActiveCfg = Debug|x64
		{C6CA9394-E53A-3331-B615-BB1F9D35F56E}.Debug|x64.Build.0 = Debug|x64
		{C6CA9394-E53A-3331-B615-BB1F9D35F56E}.Release|x64.ActiveCfg = Release|x64
		{C6CA9394-E53A-3331-B615-BB1F9D35F56E}.Release|x64.Build.0 = Release|x64
		{C6CA9394-E53A-3331-B615-BB1F9D35F56E}.MinSizeRel|x64.ActiveCfg = MinSizeRel|x64
		{C6CA9394-E53A-3331-B615-BB1F9D35F56E}.MinSizeRel|x64.Build.0 = MinSizeRel|x64
		{C6CA9394-E53A-3331-B615-BB1F9D35F56E}.RelWithDebInfo|x64.ActiveCfg = RelWithDebInfo|x64
		{C6CA9394-E53A-3331-B615-BB1F9D35F56E}.RelWithDebInfo|x64.Build.0 = RelWithDebInfo|x64
	EndGlobalSection
	GlobalSection(ExtensibilityGlobals) = postSolution
		SolutionGuid = {CD138EFD-3714-3082-BAE8-1C6FEE19044E}
	EndGlobalSection
	GlobalSection(ExtensibilityAddIns) = postSolution
	EndGlobalSection
EndGlobal
